// !$*UTF8*$!
{
	archiveVersion = 1;
	classes = {
	};
	objectVersion = 46;
	objects = {

/* Begin PBXBuildFile section */
		9AFF4EB61E251D6200C21AAB /* AppDelegate.swift in Sources */ = {isa = PBXBuildFile; fileRef = 9AFF4EB51E251D6200C21AAB /* AppDelegate.swift */; };
		9AFF4EBB1E251D6200C21AAB /* SeparateViewControllers.storyboard in Resources */ = {isa = PBXBuildFile; fileRef = 9AFF4EB91E251D6200C21AAB /* SeparateViewControllers.storyboard */; };
		9AFF4EBD1E251D6200C21AAB /* Assets.xcassets in Resources */ = {isa = PBXBuildFile; fileRef = 9AFF4EBC1E251D6200C21AAB /* Assets.xcassets */; };
		9AFF4EC01E251D6200C21AAB /* LaunchScreen.storyboard in Resources */ = {isa = PBXBuildFile; fileRef = 9AFF4EBE1E251D6200C21AAB /* LaunchScreen.storyboard */; };
		9AFF4EC81E251E7400C21AAB /* SettingsViewController.swift in Sources */ = {isa = PBXBuildFile; fileRef = 9AFF4EC71E251E7400C21AAB /* SettingsViewController.swift */; };
		9AFF4ECA1E251E9900C21AAB /* ShortContentViewController.swift in Sources */ = {isa = PBXBuildFile; fileRef = 9AFF4EC91E251E9900C21AAB /* ShortContentViewController.swift */; };
		9AFF4ECC1E251EA600C21AAB /* LongContentViewController.swift in Sources */ = {isa = PBXBuildFile; fileRef = 9AFF4ECB1E251EA600C21AAB /* LongContentViewController.swift */; };
		9AFF4ECE1E25234100C21AAB /* LoadingViewController.swift in Sources */ = {isa = PBXBuildFile; fileRef = 9AFF4ECD1E25234100C21AAB /* LoadingViewController.swift */; };
		9AFF4ED71E26440D00C21AAB /* EmbededViewControllers.storyboard in Resources */ = {isa = PBXBuildFile; fileRef = 9AFF4ED51E26440D00C21AAB /* EmbededViewControllers.storyboard */; };
		9AFF4EDD1E2653A000C21AAB /* HomeContainerViewController.swift in Sources */ = {isa = PBXBuildFile; fileRef = 9AFF4EDC1E2653A000C21AAB /* HomeContainerViewController.swift */; };
		9AFF4EE51E26637700C21AAB /* SettingsProvider.swift in Sources */ = {isa = PBXBuildFile; fileRef = 9AFF4EE41E26637700C21AAB /* SettingsProvider.swift */; };
		9AFF4EEF1E26723500C21AAB /* StreamViewController.swift in Sources */ = {isa = PBXBuildFile; fileRef = 9AFF4EEE1E26723500C21AAB /* StreamViewController.swift */; };
		9AFF4EF51E27778E00C21AAB /* ContentProvider.swift in Sources */ = {isa = PBXBuildFile; fileRef = 9AFF4EF41E27778E00C21AAB /* ContentProvider.swift */; };
		9AFF4EF71E278F1B00C21AAB /* Content.swift in Sources */ = {isa = PBXBuildFile; fileRef = 9AFF4EF61E278F1B00C21AAB /* Content.swift */; };
		9AFF4F251E27A83700C21AAB /* HomeTemplates.framework in Frameworks */ = {isa = PBXBuildFile; fileRef = 9AFF4F141E27A79600C21AAB /* HomeTemplates.framework */; };
		9AFF4F261E27A83700C21AAB /* HomeTemplates.framework in Embed Frameworks */ = {isa = PBXBuildFile; fileRef = 9AFF4F141E27A79600C21AAB /* HomeTemplates.framework */; settings = {ATTRIBUTES = (CodeSignOnCopy, RemoveHeadersOnCopy, ); }; };
/* End PBXBuildFile section */

/* Begin PBXContainerItemProxy section */
		9AFF4F131E27A79600C21AAB /* PBXContainerItemProxy */ = {
			isa = PBXContainerItemProxy;
			containerPortal = 9AFF4F0F1E27A79600C21AAB /* HomeTemplates.xcodeproj */;
			proxyType = 2;
			remoteGlobalIDString = 9AFF4F021E27A74300C21AAB;
			remoteInfo = HomeTemplates;
		};
		9AFF4F271E27A83700C21AAB /* PBXContainerItemProxy */ = {
			isa = PBXContainerItemProxy;
			containerPortal = 9AFF4F0F1E27A79600C21AAB /* HomeTemplates.xcodeproj */;
			proxyType = 1;
			remoteGlobalIDString = 9AFF4F011E27A74300C21AAB;
			remoteInfo = HomeTemplates;
		};
/* End PBXContainerItemProxy section */

/* Begin PBXCopyFilesBuildPhase section */
		9AFF4F291E27A83700C21AAB /* Embed Frameworks */ = {
			isa = PBXCopyFilesBuildPhase;
			buildActionMask = 2147483647;
			dstPath = "";
			dstSubfolderSpec = 10;
			files = (
				9AFF4F261E27A83700C21AAB /* HomeTemplates.framework in Embed Frameworks */,
			);
			name = "Embed Frameworks";
			runOnlyForDeploymentPostprocessing = 0;
		};
/* End PBXCopyFilesBuildPhase section */

/* Begin PBXFileReference section */
		9AFF4EB21E251D6200C21AAB /* DynamicHomeScreen-PoC.app */ = {isa = PBXFileReference; explicitFileType = wrapper.application; includeInIndex = 0; path = "DynamicHomeScreen-PoC.app"; sourceTree = BUILT_PRODUCTS_DIR; };
		9AFF4EB51E251D6200C21AAB /* AppDelegate.swift */ = {isa = PBXFileReference; lastKnownFileType = sourcecode.swift; path = AppDelegate.swift; sourceTree = "<group>"; };
		9AFF4EBA1E251D6200C21AAB /* Base */ = {isa = PBXFileReference; lastKnownFileType = file.storyboard; name = Base; path = Base.lproj/SeparateViewControllers.storyboard; sourceTree = "<group>"; };
		9AFF4EBC1E251D6200C21AAB /* Assets.xcassets */ = {isa = PBXFileReference; lastKnownFileType = folder.assetcatalog; path = Assets.xcassets; sourceTree = "<group>"; };
		9AFF4EBF1E251D6200C21AAB /* Base */ = {isa = PBXFileReference; lastKnownFileType = file.storyboard; name = Base; path = Base.lproj/LaunchScreen.storyboard; sourceTree = "<group>"; };
		9AFF4EC11E251D6200C21AAB /* Info.plist */ = {isa = PBXFileReference; lastKnownFileType = text.plist.xml; path = Info.plist; sourceTree = "<group>"; };
		9AFF4EC71E251E7400C21AAB /* SettingsViewController.swift */ = {isa = PBXFileReference; fileEncoding = 4; lastKnownFileType = sourcecode.swift; path = SettingsViewController.swift; sourceTree = "<group>"; };
		9AFF4EC91E251E9900C21AAB /* ShortContentViewController.swift */ = {isa = PBXFileReference; fileEncoding = 4; lastKnownFileType = sourcecode.swift; path = ShortContentViewController.swift; sourceTree = "<group>"; };
		9AFF4ECB1E251EA600C21AAB /* LongContentViewController.swift */ = {isa = PBXFileReference; fileEncoding = 4; lastKnownFileType = sourcecode.swift; path = LongContentViewController.swift; sourceTree = "<group>"; };
		9AFF4ECD1E25234100C21AAB /* LoadingViewController.swift */ = {isa = PBXFileReference; fileEncoding = 4; lastKnownFileType = sourcecode.swift; path = LoadingViewController.swift; sourceTree = "<group>"; };
		9AFF4ED61E26440D00C21AAB /* Base */ = {isa = PBXFileReference; lastKnownFileType = file.storyboard; name = Base; path = Base.lproj/EmbededViewControllers.storyboard; sourceTree = "<group>"; };
		9AFF4EDC1E2653A000C21AAB /* HomeContainerViewController.swift */ = {isa = PBXFileReference; fileEncoding = 4; lastKnownFileType = sourcecode.swift; path = HomeContainerViewController.swift; sourceTree = "<group>"; };
		9AFF4EE41E26637700C21AAB /* SettingsProvider.swift */ = {isa = PBXFileReference; fileEncoding = 4; lastKnownFileType = sourcecode.swift; path = SettingsProvider.swift; sourceTree = "<group>"; };
		9AFF4EEE1E26723500C21AAB /* StreamViewController.swift */ = {isa = PBXFileReference; fileEncoding = 4; lastKnownFileType = sourcecode.swift; path = StreamViewController.swift; sourceTree = "<group>"; };
		9AFF4EF41E27778E00C21AAB /* ContentProvider.swift */ = {isa = PBXFileReference; fileEncoding = 4; lastKnownFileType = sourcecode.swift; path = ContentProvider.swift; sourceTree = "<group>"; };
		9AFF4EF61E278F1B00C21AAB /* Content.swift */ = {isa = PBXFileReference; fileEncoding = 4; lastKnownFileType = sourcecode.swift; path = Content.swift; sourceTree = "<group>"; };
		9AFF4F0F1E27A79600C21AAB /* HomeTemplates.xcodeproj */ = {isa = PBXFileReference; lastKnownFileType = "wrapper.pb-project"; name = HomeTemplates.xcodeproj; path = HomeTemplates/HomeTemplates.xcodeproj; sourceTree = "<group>"; };
/* End PBXFileReference section */

/* Begin PBXFrameworksBuildPhase section */
		9AFF4EAF1E251D6200C21AAB /* Frameworks */ = {
			isa = PBXFrameworksBuildPhase;
			buildActionMask = 2147483647;
			files = (
				9AFF4F251E27A83700C21AAB /* HomeTemplates.framework in Frameworks */,
			);
			runOnlyForDeploymentPostprocessing = 0;
		};
/* End PBXFrameworksBuildPhase section */

/* Begin PBXGroup section */
		9AFF4EA91E251D6200C21AAB = {
			isa = PBXGroup;
			children = (
				9AFF4F0F1E27A79600C21AAB /* HomeTemplates.xcodeproj */,
				9AFF4EB41E251D6200C21AAB /* DynamicHomeScreen-PoC */,
				9AFF4EB31E251D6200C21AAB /* Products */,
			);
			sourceTree = "<group>";
		};
		9AFF4EB31E251D6200C21AAB /* Products */ = {
			isa = PBXGroup;
			children = (
				9AFF4EB21E251D6200C21AAB /* DynamicHomeScreen-PoC.app */,
			);
			name = Products;
			sourceTree = "<group>";
		};
		9AFF4EB41E251D6200C21AAB /* DynamicHomeScreen-PoC */ = {
			isa = PBXGroup;
			children = (
				9AFF4EB51E251D6200C21AAB /* AppDelegate.swift */,
				9AFF4EDC1E2653A000C21AAB /* HomeContainerViewController.swift */,
				9AFF4ED91E26442D00C21AAB /* HomeTemplates */,
				9AFF4ED81E26441F00C21AAB /* Storyboards */,
				9AFF4EBC1E251D6200C21AAB /* Assets.xcassets */,
				9AFF4EBE1E251D6200C21AAB /* LaunchScreen.storyboard */,
				9AFF4EC11E251D6200C21AAB /* Info.plist */,
				9AFF4EC71E251E7400C21AAB /* SettingsViewController.swift */,
				9AFF4EC91E251E9900C21AAB /* ShortContentViewController.swift */,
				9AFF4ECB1E251EA600C21AAB /* LongContentViewController.swift */,
				9AFF4ECD1E25234100C21AAB /* LoadingViewController.swift */,
				9AFF4EE41E26637700C21AAB /* SettingsProvider.swift */,
				9AFF4EEE1E26723500C21AAB /* StreamViewController.swift */,
				9AFF4EF41E27778E00C21AAB /* ContentProvider.swift */,
				9AFF4EF61E278F1B00C21AAB /* Content.swift */,
			);
			path = "DynamicHomeScreen-PoC";
			sourceTree = "<group>";
		};
		9AFF4ED81E26441F00C21AAB /* Storyboards */ = {
			isa = PBXGroup;
			children = (
				9AFF4ED51E26440D00C21AAB /* EmbededViewControllers.storyboard */,
				9AFF4EB91E251D6200C21AAB /* SeparateViewControllers.storyboard */,
			);
			name = Storyboards;
			sourceTree = "<group>";
		};
		9AFF4ED91E26442D00C21AAB /* HomeTemplates */ = {
			isa = PBXGroup;
			children = (
			);
			name = HomeTemplates;
			sourceTree = "<group>";
		};
		9AFF4F101E27A79600C21AAB /* Products */ = {
			isa = PBXGroup;
			children = (
				9AFF4F141E27A79600C21AAB /* HomeTemplates.framework */,
			);
			name = Products;
			sourceTree = "<group>";
		};
/* End PBXGroup section */

/* Begin PBXNativeTarget section */
		9AFF4EB11E251D6200C21AAB /* DynamicHomeScreen-PoC */ = {
			isa = PBXNativeTarget;
			buildConfigurationList = 9AFF4EC41E251D6200C21AAB /* Build configuration list for PBXNativeTarget "DynamicHomeScreen-PoC" */;
			buildPhases = (
				9AFF4EAE1E251D6200C21AAB /* Sources */,
				9AFF4EAF1E251D6200C21AAB /* Frameworks */,
				9AFF4EB01E251D6200C21AAB /* Resources */,
				9AFF4F291E27A83700C21AAB /* Embed Frameworks */,
			);
			buildRules = (
			);
			dependencies = (
				9AFF4F281E27A83700C21AAB /* PBXTargetDependency */,
			);
			name = "DynamicHomeScreen-PoC";
			productName = "DynamicHomeScreen-PoC";
			productReference = 9AFF4EB21E251D6200C21AAB /* DynamicHomeScreen-PoC.app */;
			productType = "com.apple.product-type.application";
		};
/* End PBXNativeTarget section */

/* Begin PBXProject section */
		9AFF4EAA1E251D6200C21AAB /* Project object */ = {
			isa = PBXProject;
			attributes = {
				LastSwiftUpdateCheck = 0810;
				LastUpgradeCheck = 0810;
				ORGANIZATIONNAME = ktustanowski;
				TargetAttributes = {
					9AFF4EB11E251D6200C21AAB = {
						CreatedOnToolsVersion = 8.1;
						ProvisioningStyle = Automatic;
					};
				};
			};
			buildConfigurationList = 9AFF4EAD1E251D6200C21AAB /* Build configuration list for PBXProject "DynamicHomeScreen-PoC" */;
			compatibilityVersion = "Xcode 3.2";
			developmentRegion = English;
			hasScannedForEncodings = 0;
			knownRegions = (
				en,
				Base,
			);
			mainGroup = 9AFF4EA91E251D6200C21AAB;
			productRefGroup = 9AFF4EB31E251D6200C21AAB /* Products */;
			projectDirPath = "";
			projectReferences = (
				{
					ProductGroup = 9AFF4F101E27A79600C21AAB /* Products */;
					ProjectRef = 9AFF4F0F1E27A79600C21AAB /* HomeTemplates.xcodeproj */;
				},
			);
			projectRoot = "";
			targets = (
				9AFF4EB11E251D6200C21AAB /* DynamicHomeScreen-PoC */,
			);
		};
/* End PBXProject section */

/* Begin PBXReferenceProxy section */
		9AFF4F141E27A79600C21AAB /* HomeTemplates.framework */ = {
			isa = PBXReferenceProxy;
			fileType = wrapper.framework;
			path = HomeTemplates.framework;
			remoteRef = 9AFF4F131E27A79600C21AAB /* PBXContainerItemProxy */;
			sourceTree = BUILT_PRODUCTS_DIR;
		};
/* End PBXReferenceProxy section */

/* Begin PBXResourcesBuildPhase section */
		9AFF4EB01E251D6200C21AAB /* Resources */ = {
			isa = PBXResourcesBuildPhase;
			buildActionMask = 2147483647;
			files = (
				9AFF4ED71E26440D00C21AAB /* EmbededViewControllers.storyboard in Resources */,
				9AFF4EC01E251D6200C21AAB /* LaunchScreen.storyboard in Resources */,
				9AFF4EBD1E251D6200C21AAB /* Assets.xcassets in Resources */,
				9AFF4EBB1E251D6200C21AAB /* SeparateViewControllers.storyboard in Resources */,
			);
			runOnlyForDeploymentPostprocessing = 0;
		};
/* End PBXResourcesBuildPhase section */

/* Begin PBXSourcesBuildPhase section */
		9AFF4EAE1E251D6200C21AAB /* Sources */ = {
			isa = PBXSourcesBuildPhase;
			buildActionMask = 2147483647;
			files = (
				9AFF4ECC1E251EA600C21AAB /* LongContentViewController.swift in Sources */,
				9AFF4EF71E278F1B00C21AAB /* Content.swift in Sources */,
				9AFF4EF51E27778E00C21AAB /* ContentProvider.swift in Sources */,
				9AFF4EB61E251D6200C21AAB /* AppDelegate.swift in Sources */,
				9AFF4ECE1E25234100C21AAB /* LoadingViewController.swift in Sources */,
				9AFF4EDD1E2653A000C21AAB /* HomeContainerViewController.swift in Sources */,
				9AFF4ECA1E251E9900C21AAB /* ShortContentViewController.swift in Sources */,
				9AFF4EE51E26637700C21AAB /* SettingsProvider.swift in Sources */,
				9AFF4EEF1E26723500C21AAB /* StreamViewController.swift in Sources */,
				9AFF4EC81E251E7400C21AAB /* SettingsViewController.swift in Sources */,
			);
			runOnlyForDeploymentPostprocessing = 0;
		};
/* End PBXSourcesBuildPhase section */

/* Begin PBXTargetDependency section */
		9AFF4F281E27A83700C21AAB /* PBXTargetDependency */ = {
			isa = PBXTargetDependency;
			name = HomeTemplates;
			targetProxy = 9AFF4F271E27A83700C21AAB /* PBXContainerItemProxy */;
		};
/* End PBXTargetDependency section */

/* Begin PBXVariantGroup section */
		9AFF4EB91E251D6200C21AAB /* SeparateViewControllers.storyboard */ = {
			isa = PBXVariantGroup;
			children = (
				9AFF4EBA1E251D6200C21AAB /* Base */,
			);
			name = SeparateViewControllers.storyboard;
			sourceTree = "<group>";
		};
		9AFF4EBE1E251D6200C21AAB /* LaunchScreen.storyboard */ = {
			isa = PBXVariantGroup;
			children = (
				9AFF4EBF1E251D6200C21AAB /* Base */,
			);
			name = LaunchScreen.storyboard;
			sourceTree = "<group>";
		};
		9AFF4ED51E26440D00C21AAB /* EmbededViewControllers.storyboard */ = {
			isa = PBXVariantGroup;
			children = (
				9AFF4ED61E26440D00C21AAB /* Base */,
			);
			name = EmbededViewControllers.storyboard;
			sourceTree = "<group>";
		};
/* End PBXVariantGroup section */

/* Begin XCBuildConfiguration section */
		9AFF4EC21E251D6200C21AAB /* Debug */ = {
			isa = XCBuildConfiguration;
			buildSettings = {
				ALWAYS_SEARCH_USER_PATHS = NO;
				CLANG_ANALYZER_NONNULL = YES;
				CLANG_CXX_LANGUAGE_STANDARD = "gnu++0x";
				CLANG_CXX_LIBRARY = "libc++";
				CLANG_ENABLE_MODULES = YES;
				CLANG_ENABLE_OBJC_ARC = YES;
				CLANG_WARN_BOOL_CONVERSION = YES;
				CLANG_WARN_CONSTANT_CONVERSION = YES;
				CLANG_WARN_DIRECT_OBJC_ISA_USAGE = YES_ERROR;
				CLANG_WARN_DOCUMENTATION_COMMENTS = YES;
				CLANG_WARN_EMPTY_BODY = YES;
				CLANG_WARN_ENUM_CONVERSION = YES;
				CLANG_WARN_INFINITE_RECURSION = YES;
				CLANG_WARN_INT_CONVERSION = YES;
				CLANG_WARN_OBJC_ROOT_CLASS = YES_ERROR;
				CLANG_WARN_SUSPICIOUS_MOVES = YES;
				CLANG_WARN_UNREACHABLE_CODE = YES;
				CLANG_WARN__DUPLICATE_METHOD_MATCH = YES;
				"CODE_SIGN_IDENTITY[sdk=iphoneos*]" = "iPhone Developer";
				COPY_PHASE_STRIP = NO;
				DEBUG_INFORMATION_FORMAT = dwarf;
				ENABLE_STRICT_OBJC_MSGSEND = YES;
				ENABLE_TESTABILITY = YES;
				GCC_C_LANGUAGE_STANDARD = gnu99;
				GCC_DYNAMIC_NO_PIC = NO;
				GCC_NO_COMMON_BLOCKS = YES;
				GCC_OPTIMIZATION_LEVEL = 0;
				GCC_PREPROCESSOR_DEFINITIONS = (
					"DEBUG=1",
					"$(inherited)",
				);
				GCC_WARN_64_TO_32_BIT_CONVERSION = YES;
				GCC_WARN_ABOUT_RETURN_TYPE = YES_ERROR;
				GCC_WARN_UNDECLARED_SELECTOR = YES;
				GCC_WARN_UNINITIALIZED_AUTOS = YES_AGGRESSIVE;
				GCC_WARN_UNUSED_FUNCTION = YES;
				GCC_WARN_UNUSED_VARIABLE = YES;
				IPHONEOS_DEPLOYMENT_TARGET = 10.1;
				MTL_ENABLE_DEBUG_INFO = YES;
				ONLY_ACTIVE_ARCH = YES;
				SDKROOT = iphoneos;
				SWIFT_ACTIVE_COMPILATION_CONDITIONS = DEBUG;
				SWIFT_OPTIMIZATION_LEVEL = "-Onone";
				TARGETED_DEVICE_FAMILY = "1,2";
			};
			name = Debug;
		};
		9AFF4EC31E251D6200C21AAB /* Release */ = {
			isa = XCBuildConfiguration;
			buildSettings = {
				ALWAYS_SEARCH_USER_PATHS = NO;
				CLANG_ANALYZER_NONNULL = YES;
				CLANG_CXX_LANGUAGE_STANDARD = "gnu++0x";
				CLANG_CXX_LIBRARY = "libc++";
				CLANG_ENABLE_MODULES = YES;
				CLANG_ENABLE_OBJC_ARC = YES;
				CLANG_WARN_BOOL_CONVERSION = YES;
				CLANG_WARN_CONSTANT_CONVERSION = YES;
				CLANG_WARN_DIRECT_OBJC_ISA_USAGE = YES_ERROR;
				CLANG_WARN_DOCUMENTATION_COMMENTS = YES;
				CLANG_WARN_EMPTY_BODY = YES;
				CLANG_WARN_ENUM_CONVERSION = YES;
				CLANG_WARN_INFINITE_RECURSION = YES;
				CLANG_WARN_INT_CONVERSION = YES;
				CLANG_WARN_OBJC_ROOT_CLASS = YES_ERROR;
				CLANG_WARN_SUSPICIOUS_MOVES = YES;
				CLANG_WARN_UNREACHABLE_CODE = YES;
				CLANG_WARN__DUPLICATE_METHOD_MATCH = YES;
				"CODE_SIGN_IDENTITY[sdk=iphoneos*]" = "iPhone Developer";
				COPY_PHASE_STRIP = NO;
				DEBUG_INFORMATION_FORMAT = "dwarf-with-dsym";
				ENABLE_NS_ASSERTIONS = NO;
				ENABLE_STRICT_OBJC_MSGSEND = YES;
				GCC_C_LANGUAGE_STANDARD = gnu99;
				GCC_NO_COMMON_BLOCKS = YES;
				GCC_WARN_64_TO_32_BIT_CONVERSION = YES;
				GCC_WARN_ABOUT_RETURN_TYPE = YES_ERROR;
				GCC_WARN_UNDECLARED_SELECTOR = YES;
				GCC_WARN_UNINITIALIZED_AUTOS = YES_AGGRESSIVE;
				GCC_WARN_UNUSED_FUNCTION = YES;
				GCC_WARN_UNUSED_VARIABLE = YES;
				IPHONEOS_DEPLOYMENT_TARGET = 10.1;
				MTL_ENABLE_DEBUG_INFO = NO;
				SDKROOT = iphoneos;
				SWIFT_OPTIMIZATION_LEVEL = "-Owholemodule";
				TARGETED_DEVICE_FAMILY = "1,2";
				VALIDATE_PRODUCT = YES;
			};
			name = Release;
		};
		9AFF4EC51E251D6200C21AAB /* Debug */ = {
			isa = XCBuildConfiguration;
			buildSettings = {
				ALWAYS_EMBED_SWIFT_STANDARD_LIBRARIES = YES;
				ASSETCATALOG_COMPILER_APPICON_NAME = AppIcon;
				INFOPLIST_FILE = "DynamicHomeScreen-PoC/Info.plist";
				LD_RUNPATH_SEARCH_PATHS = "$(inherited) @executable_path/Frameworks";
				PRODUCT_BUNDLE_IDENTIFIER = "com.ktustanowski.DynamicHomeScreen-PoC";
				PRODUCT_NAME = "$(TARGET_NAME)";
				SWIFT_VERSION = 3.0;
			};
			name = Debug;
		};
		9AFF4EC61E251D6200C21AAB /* Release */ = {
			isa = XCBuildConfiguration;
			buildSettings = {
				ALWAYS_EMBED_SWIFT_STANDARD_LIBRARIES = YES;
				ASSETCATALOG_COMPILER_APPICON_NAME = AppIcon;
				INFOPLIST_FILE = "DynamicHomeScreen-PoC/Info.plist";
				LD_RUNPATH_SEARCH_PATHS = "$(inherited) @executable_path/Frameworks";
				PRODUCT_BUNDLE_IDENTIFIER = "com.ktustanowski.DynamicHomeScreen-PoC";
				PRODUCT_NAME = "$(TARGET_NAME)";
				SWIFT_VERSION = 3.0;
			};
			name = Release;
		};
/* End XCBuildConfiguration section */

/* Begin XCConfigurationList section */
		9AFF4EAD1E251D6200C21AAB /* Build configuration list for PBXProject "DynamicHomeScreen-PoC" */ = {
			isa = XCConfigurationList;
			buildConfigurations = (
				9AFF4EC21E251D6200C21AAB /* Debug */,
				9AFF4EC31E251D6200C21AAB /* Release */,
			);
			defaultConfigurationIsVisible = 0;
			defaultConfigurationName = Release;
		};
		9AFF4EC41E251D6200C21AAB /* Build configuration list for PBXNativeTarget "DynamicHomeScreen-PoC" */ = {
			isa = XCConfigurationList;
			buildConfigurations = (
				9AFF4EC51E251D6200C21AAB /* Debug */,
				9AFF4EC61E251D6200C21AAB /* Release */,
			);
			defaultConfigurationIsVisible = 0;
			defaultConfigurationName = Release;
		};
/* End XCConfigurationList section */
	};
	rootObject = 9AFF4EAA1E251D6200C21AAB /* Project object */;
}
